
Microsoft Visual Studio Solution File, Format Version 12.00
# Visual Studio 14
VisualStudioVersion = 14.0.25123.0
MinimumVisualStudioVersion = 10.0.40219.1
Project("{10192AB9-ECFA-4B25-89A7-CF07C95CF027}") = "Sitecore.Support.67717", "Sitecore.Support.67717\Sitecore.Support.67717.csproj", "{C9373DEC-804F-40B8-A8F6-8F599CDF59FC}"
EndProject
Global
	GlobalSection(SolutionConfigurationPlatforms) = preSolution
		Debug|Any CPU = Debug|Any CPU
		Release|Any CPU = Release|Any CPU
	EndGlobalSection
	GlobalSection(ProjectConfigurationPlatforms) = postSolution
		{C9373DEC-804F-40B8-A8F6-8F599CDF59FC}.Debug|Any CPU.ActiveCfg = Debug|Any CPU
		{C9373DEC-804F-40B8-A8F6-8F599CDF59FC}.Debug|Any CPU.Build.0 = Debug|Any CPU
		{C9373DEC-804F-40B8-A8F6-8F599CDF59FC}.Release|Any CPU.ActiveCfg = Release|Any CPU
		{C9373DEC-804F-40B8-A8F6-8F599CDF59FC}.Release|Any CPU.Build.0 = Release|Any CPU
	EndGlobalSection
	GlobalSection(SolutionProperties) = preSolution
		HideSolutionNode = FALSE
	EndGlobalSection
EndGlobal
